
Microsoft Visual Studio Solution File, Format Version 12.00
# Visual Studio 15
VisualStudioVersion = 15.0.27130.2036
MinimumVisualStudioVersion = 10.0.40219.1
Project("{6EC3EE1D-3C4E-46DD-8F32-0CC8E7565705}") = "Queil.CodeRules.Analyzer", "Queil.CodeRules.Analyzer\Queil.CodeRules.Analyzer.fsproj", "{81DF8D98-E8D3-4C8F-BDEB-3993D80CB22C}"
EndProject
Project("{FAE04EC0-301F-11D3-BF4B-00C04F79EFBC}") = "Queil.CodeRules.Analyzed", "Queil.CodeRules.Analyzed\Queil.CodeRules.Analyzed.csproj", "{0CF7C356-5CCF-4D1C-A337-AECEF36FC02F}"
EndProject
Project("{FAE04EC0-301F-11D3-BF4B-00C04F79EFBC}") = "Queil.CodeRules.Analyzed.Another", "Queil.CodeRules.Analyzed.Another\Queil.CodeRules.Analyzed.Another.csproj", "{86D9CD48-8F4E-4E36-ACD3-4E20CF4BCC96}"
EndProject
Global
	GlobalSection(SolutionConfigurationPlatforms) = preSolution
		Debug|Any CPU = Debug|Any CPU
		Release|Any CPU = Release|Any CPU
	EndGlobalSection
	GlobalSection(ProjectConfigurationPlatforms) = postSolution
		{81DF8D98-E8D3-4C8F-BDEB-3993D80CB22C}.Debug|Any CPU.ActiveCfg = Debug|Any CPU
		{81DF8D98-E8D3-4C8F-BDEB-3993D80CB22C}.Debug|Any CPU.Build.0 = Debug|Any CPU
		{81DF8D98-E8D3-4C8F-BDEB-3993D80CB22C}.Release|Any CPU.ActiveCfg = Release|Any CPU
		{81DF8D98-E8D3-4C8F-BDEB-3993D80CB22C}.Release|Any CPU.Build.0 = Release|Any CPU
		{0CF7C356-5CCF-4D1C-A337-AECEF36FC02F}.Debug|Any CPU.ActiveCfg = Debug|Any CPU
		{0CF7C356-5CCF-4D1C-A337-AECEF36FC02F}.Debug|Any CPU.Build.0 = Debug|Any CPU
		{0CF7C356-5CCF-4D1C-A337-AECEF36FC02F}.Release|Any CPU.ActiveCfg = Release|Any CPU
		{0CF7C356-5CCF-4D1C-A337-AECEF36FC02F}.Release|Any CPU.Build.0 = Release|Any CPU
		{86D9CD48-8F4E-4E36-ACD3-4E20CF4BCC96}.Debug|Any CPU.ActiveCfg = Debug|Any CPU
		{86D9CD48-8F4E-4E36-ACD3-4E20CF4BCC96}.Debug|Any CPU.Build.0 = Debug|Any CPU
		{86D9CD48-8F4E-4E36-ACD3-4E20CF4BCC96}.Release|Any CPU.ActiveCfg = Release|Any CPU
		{86D9CD48-8F4E-4E36-ACD3-4E20CF4BCC96}.Release|Any CPU.Build.0 = Release|Any CPU
	EndGlobalSection
	GlobalSection(SolutionProperties) = preSolution
		HideSolutionNode = FALSE
	EndGlobalSection
	GlobalSection(ExtensibilityGlobals) = postSolution
		SolutionGuid = {6E1DCA2C-AB95-47F8-B4DD-A014BD9EF299}
	EndGlobalSection
EndGlobal
